# THIS IS AN AUTOGENERATED FILE. DO NOT EDIT THIS FILE DIRECTLY.
# yarn lockfile v1


"@trysound/sax@0.2.0":
  version "0.2.0"
  resolved "https://registry.yarnpkg.com/@trysound/sax/-/sax-0.2.0.tgz#cccaab758af56761eb7bf37af6f03f326dd798ad"
  integrity sha512-L7z9BgrNEcYyUYtF+HaEfiS5ebkh9jXqbszz7pC0hRBPaatV0XjSD3+eHrpqFemQfgwiFF0QPIarnIihIDn7OA==

ansi-regex@^2.0.0:
  version "2.1.1"
  resolved "https://registry.yarnpkg.com/ansi-regex/-/ansi-regex-2.1.1.tgz#c3b33ab5ee360d86e0e628f0468ae7ef27d654df"
  integrity sha1-w7M6te42DYbg5ijwRorn7yfWVN8=

boolbase@^1.0.0:
  version "1.0.0"
  resolved "https://registry.yarnpkg.com/boolbase/-/boolbase-1.0.0.tgz#68dff5fbe60c51eb37725ea9e3ed310dcc1e776e"
  integrity sha1-aN/1++YMUes3cl6p4+0xDcwed24=

camelcase@^2.0.1:
  version "2.1.1"
  resolved "https://registry.yarnpkg.com/camelcase/-/camelcase-2.1.1.tgz#7c1d16d679a1bbe59ca02cacecfb011e201f5a1f"
  integrity sha1-fB0W1nmhu+WcoCys7PsBHiAfWh8=

cliui@^3.0.3:
  version "3.2.0"
  resolved "https://registry.yarnpkg.com/cliui/-/cliui-3.2.0.tgz#120601537a916d29940f934da3b48d585a39213d"
  integrity sha1-EgYBU3qRbSmUD5NNo7SNWFo5IT0=
  dependencies:
    string-width "^1.0.1"
    strip-ansi "^3.0.1"
    wrap-ansi "^2.0.0"

code-point-at@^1.0.0:
  version "1.1.0"
  resolved "https://registry.yarnpkg.com/code-point-at/-/code-point-at-1.1.0.tgz#0d070b4d043a5bea33a2f1a40e2edb3d9a4ccf77"
  integrity sha1-DQcLTQQ6W+ozovGkDi7bPZpMz3c=

commander@^7.2.0:
  version "7.2.0"
  resolved "https://registry.yarnpkg.com/commander/-/commander-7.2.0.tgz#a36cb57d0b501ce108e4d20559a150a391d97ab7"
  integrity sha512-QrWXB+ZQSVPmIWIhtEO9H+gwHaMGYiF5ChvoJ+K9ZGHG/sVsa6yiesAD1GC/x46sET00Xlwo1u49RVVVzvcSkw==

css-select@^5.1.0:
  version "5.1.0"
  resolved "https://registry.yarnpkg.com/css-select/-/css-select-5.1.0.tgz#b8ebd6554c3637ccc76688804ad3f6a6fdaea8a6"
  integrity sha512-nwoRF1rvRRnnCqqY7updORDsuqKzqYJ28+oSMaJMMgOauh3fvwHqMS7EZpIPqK8GL+g9mKxF1vP/ZjSeNjEVHg==
  dependencies:
    boolbase "^1.0.0"
    css-what "^6.1.0"
    domhandler "^5.0.2"
    domutils "^3.0.1"
    nth-check "^2.0.1"

css-tree@^2.3.1:
  version "2.3.1"
  resolved "https://registry.yarnpkg.com/css-tree/-/css-tree-2.3.1.tgz#10264ce1e5442e8572fc82fbe490644ff54b5c20"
  integrity sha512-6Fv1DV/TYw//QF5IzQdqsNDjx/wc8TrMBZsqjL9eW01tWb7R7k/mq+/VXfJCl7SoD5emsJop9cOByJZfs8hYIw==
  dependencies:
    mdn-data "2.0.30"
    source-map-js "^1.0.1"

css-tree@~2.2.0:
  version "2.2.1"
  resolved "https://registry.yarnpkg.com/css-tree/-/css-tree-2.2.1.tgz#36115d382d60afd271e377f9c5f67d02bd48c032"
  integrity sha512-OA0mILzGc1kCOCSJerOeqDxDQ4HOh+G8NbOJFOTgOCzpw7fCBubk0fEyxp8AgOL/jvLgYA/uV0cMbe43ElF1JA==
  dependencies:
    mdn-data "2.0.28"
    source-map-js "^1.0.1"

css-what@^6.1.0:
  version "6.1.0"
  resolved "https://registry.yarnpkg.com/css-what/-/css-what-6.1.0.tgz#fb5effcf76f1ddea2c81bdfaa4de44e79bac70f4"
  integrity sha512-HTUrgRJ7r4dsZKU6GjmpfRK1O76h97Z8MfS1G0FozR+oF2kG6Vfe8JE6zwrkbxigziPHinCJ+gCPjA9EaBDtRw==

csso@^5.0.5:
  version "5.0.5"
  resolved "https://registry.yarnpkg.com/csso/-/csso-5.0.5.tgz#f9b7fe6cc6ac0b7d90781bb16d5e9874303e2ca6"
  integrity sha512-0LrrStPOdJj+SPCCrGhzryycLjwcgUSHBtxNA8aIDxf0GLsRh1cKYhB00Gd1lDOS4yGH69+SNn13+TWbVHETFQ==
  dependencies:
    css-tree "~2.2.0"

decamelize@^1.1.1:
  version "1.2.0"
  resolved "https://registry.yarnpkg.com/decamelize/-/decamelize-1.2.0.tgz#f6534d15148269b20352e7bee26f501f9a191290"
  integrity sha1-9lNNFRSCabIDUue+4m9QH5oZEpA=

dom-serializer@^2.0.0:
  version "2.0.0"
  resolved "https://registry.yarnpkg.com/dom-serializer/-/dom-serializer-2.0.0.tgz#e41b802e1eedf9f6cae183ce5e622d789d7d8e53"
  integrity sha512-wIkAryiqt/nV5EQKqQpo3SToSOV9J0DnbJqwK7Wv/Trc92zIAYZ4FlMu+JPFW1DfGFt81ZTCGgDEabffXeLyJg==
  dependencies:
    domelementtype "^2.3.0"
    domhandler "^5.0.2"
    entities "^4.2.0"

domelementtype@^2.3.0:
  version "2.3.0"
  resolved "https://registry.yarnpkg.com/domelementtype/-/domelementtype-2.3.0.tgz#5c45e8e869952626331d7aab326d01daf65d589d"
  integrity sha512-OLETBj6w0OsagBwdXnPdN0cnMfF9opN69co+7ZrbfPGrdpPVNBUj02spi6B1N7wChLQiPn4CSH/zJvXw56gmHw==

domhandler@^5.0.2, domhandler@^5.0.3:
  version "5.0.3"
  resolved "https://registry.yarnpkg.com/domhandler/-/domhandler-5.0.3.tgz#cc385f7f751f1d1fc650c21374804254538c7d31"
  integrity sha512-cgwlv/1iFQiFnU96XXgROh8xTeetsnJiDsTc7TYCLFd9+/WNkIqPTxiM/8pSd8VIrhXGTf1Ny1q1hquVqDJB5w==
  dependencies:
    domelementtype "^2.3.0"

domutils@^3.0.1:
  version "3.1.0"
  resolved "https://registry.yarnpkg.com/domutils/-/domutils-3.1.0.tgz#c47f551278d3dc4b0b1ab8cbb42d751a6f0d824e"
  integrity sha512-H78uMmQtI2AhgDJjWeQmHwJJ2bLPD3GMmO7Zja/ZZh84wkm+4ut+IUnUdRa8uCGX88DiVx1j6FRe1XfxEgjEZA==
  dependencies:
    dom-serializer "^2.0.0"
    domelementtype "^2.3.0"
    domhandler "^5.0.3"

entities@^4.2.0:
  version "4.5.0"
  resolved "https://registry.yarnpkg.com/entities/-/entities-4.5.0.tgz#5d268ea5e7113ec74c4d033b79ea5a35a488fb48"
  integrity sha512-V0hjH4dGPh9Ao5p0MoRY6BVqtwCjhz6vI5LT8AJ55H+4g9/4vbHx1I54fS0XuclLhDHArPQCiMjDxjaL8fPxhw==

invert-kv@^1.0.0:
  version "1.0.0"
  resolved "https://registry.yarnpkg.com/invert-kv/-/invert-kv-1.0.0.tgz#104a8e4aaca6d3d8cd157a8ef8bfab2d7a3ffdb6"
  integrity sha1-EEqOSqym09jNFXqO+L+rLXo//bY=

is-fullwidth-code-point@^1.0.0:
  version "1.0.0"
  resolved "https://registry.yarnpkg.com/is-fullwidth-code-point/-/is-fullwidth-code-point-1.0.0.tgz#ef9e31386f031a7f0d643af82fde50c457ef00cb"
  integrity sha1-754xOG8DGn8NZDr4L95QxFfvAMs=
  dependencies:
    number-is-nan "^1.0.0"

lcid@^1.0.0:
  version "1.0.0"
  resolved "https://registry.yarnpkg.com/lcid/-/lcid-1.0.0.tgz#308accafa0bc483a3867b4b6f2b9506251d1b835"
  integrity sha1-MIrMr6C8SDo4Z7S28rlQYlHRuDU=
  dependencies:
    invert-kv "^1.0.0"

mdn-data@2.0.28:
  version "2.0.28"
  resolved "https://registry.yarnpkg.com/mdn-data/-/mdn-data-2.0.28.tgz#5ec48e7bef120654539069e1ae4ddc81ca490eba"
  integrity sha512-aylIc7Z9y4yzHYAJNuESG3hfhC+0Ibp/MAMiaOZgNv4pmEdFyfZhhhny4MNiAfWdBQ1RQ2mfDWmM1x8SvGyp8g==

mdn-data@2.0.30:
  version "2.0.30"
  resolved "https://registry.yarnpkg.com/mdn-data/-/mdn-data-2.0.30.tgz#ce4df6f80af6cfbe218ecd5c552ba13c4dfa08cc"
  integrity sha512-GaqWWShW4kv/G9IEucWScBx9G1/vsFZZJUO+tD26M8J8z3Kw5RDQjaoZe03YAClgeS/SWPOcb4nkFBTEi5DUEA==

nth-check@^2.0.1:
  version "2.1.1"
  resolved "https://registry.yarnpkg.com/nth-check/-/nth-check-2.1.1.tgz#c9eab428effce36cd6b92c924bdb000ef1f1ed1d"
  integrity sha512-lqjrjmaOoAnWfMmBPL+XNnynZh2+swxiX3WUE0s4yEHI6m+AwrK2UZOimIRl3X/4QctVqS8AiZjFqyOGrMXb/w==
  dependencies:
    boolbase "^1.0.0"

number-is-nan@^1.0.0:
  version "1.0.1"
  resolved "https://registry.yarnpkg.com/number-is-nan/-/number-is-nan-1.0.1.tgz#097b602b53422a522c1afb8790318336941a011d"
  integrity sha1-CXtgK1NCKlIsGvuHkDGDNpQaAR0=

object-assign@^4.0.1:
  version "4.1.1"
  resolved "https://registry.yarnpkg.com/object-assign/-/object-assign-4.1.1.tgz#2109adc7965887cfc05cbbd442cac8bfbb360863"
  integrity sha1-IQmtx5ZYh8/AXLvUQsrIv7s2CGM=

os-locale@^1.4.0:
  version "1.4.0"
  resolved "https://registry.yarnpkg.com/os-locale/-/os-locale-1.4.0.tgz#20f9f17ae29ed345e8bde583b13d2009803c14d9"
  integrity sha1-IPnxeuKe00XoveWDsT0gCYA8FNk=
  dependencies:
    lcid "^1.0.0"

picocolors@^1.0.0:
  version "1.1.0"
  resolved "https://registry.yarnpkg.com/picocolors/-/picocolors-1.1.0.tgz#5358b76a78cde483ba5cef6a9dc9671440b27d59"
  integrity sha512-TQ92mBOW0l3LeMeyLV6mzy/kWr8lkd/hp3mTg7wYK7zJhuBStmGMBG0BdeDZS/dZx1IukaX6Bk11zcln25o1Aw==

q@^1.4.1:
  version "1.5.1"
  resolved "https://registry.yarnpkg.com/q/-/q-1.5.1.tgz#7e32f75b41381291d04611f1bf14109ac00651d7"
  integrity sha1-fjL3W0E4EpHQRhHxvxQQmsAGUdc=

sax@>=0.6.0:
  version "1.2.4"
  resolved "https://registry.yarnpkg.com/sax/-/sax-1.2.4.tgz#2816234e2378bddc4e5354fab5caa895df7100d9"
  integrity sha512-NqVDv9TpANUjFm0N8uM5GxL36UgKi9/atZw+x7YFnQ8ckwFGKrl4xX4yWtrey3UJm5nP1kUbnYgLopqWNSRhWw==

source-map-js@^1.0.1:
  version "1.2.1"
  resolved "https://registry.yarnpkg.com/source-map-js/-/source-map-js-1.2.1.tgz#1ce5650fddd87abc099eda37dcff024c2667ae46"
  integrity sha512-UXWMKhLOwVKb728IUtQPXxfYU+usdybtUrK/8uGE8CQMvrhOpwvzDBwj0QhSL7MQc7vIsISBG8VQ8+IDQxpfQA==

string-width@^1.0.1:
  version "1.0.2"
  resolved "https://registry.yarnpkg.com/string-width/-/string-width-1.0.2.tgz#118bdf5b8cdc51a2a7e70d211e07e2b0b9b107d3"
  integrity sha1-EYvfW4zcUaKn5w0hHgfisLmxB9M=
  dependencies:
    code-point-at "^1.0.0"
    is-fullwidth-code-point "^1.0.0"
    strip-ansi "^3.0.0"

strip-ansi@^3.0.0, strip-ansi@^3.0.1:
  version "3.0.1"
  resolved "https://registry.yarnpkg.com/strip-ansi/-/strip-ansi-3.0.1.tgz#6a385fb8853d952d5ff05d0e8aaf94278dc63dcf"
  integrity sha1-ajhfuIU9lS1f8F0Oiq+UJ43GPc8=
  dependencies:
    ansi-regex "^2.0.0"

svg-to-jsx@^1.0.4:
  version "1.0.4"
  resolved "https://registry.yarnpkg.com/svg-to-jsx/-/svg-to-jsx-1.0.4.tgz#61541fa2e3f50f48c73a1c43424554adf8a5195e"
  integrity sha512-yV5QdtKbJqd/hFU3Scg/FGABPszKuwO2sH06rdpq6wL228nvJGeXD1+uNMR4N0LBcThqSLooCzUuJOPe2QoJJQ==
  dependencies:
    object-assign "^4.0.1"
    q "^1.4.1"
    xml2js "^0.4.10"
    xmlbuilder "^13.0.2"
    yargs "^3.21.0"

svgo@^3.3.2:
  version "3.3.2"
  resolved "https://registry.yarnpkg.com/svgo/-/svgo-3.3.2.tgz#ad58002652dffbb5986fc9716afe52d869ecbda8"
  integrity sha512-OoohrmuUlBs8B8o6MB2Aevn+pRIH9zDALSR+6hhqVfa6fRwG/Qw9VUMSMW9VNg2CFc/MTIfabtdOVl9ODIJjpw==
  dependencies:
    "@trysound/sax" "0.2.0"
    commander "^7.2.0"
    css-select "^5.1.0"
    css-tree "^2.3.1"
    css-what "^6.1.0"
    csso "^5.0.5"
    picocolors "^1.0.0"

window-size@^0.1.4:
  version "0.1.4"
  resolved "https://registry.yarnpkg.com/window-size/-/window-size-0.1.4.tgz#f8e1aa1ee5a53ec5bf151ffa09742a6ad7697876"
  integrity sha1-+OGqHuWlPsW/FR/6CXQqatdpeHY=

wrap-ansi@^2.0.0:
  version "2.1.0"
  resolved "https://registry.yarnpkg.com/wrap-ansi/-/wrap-ansi-2.1.0.tgz#d8fc3d284dd05794fe84973caecdd1cf824fdd85"
  integrity sha1-2Pw9KE3QV5T+hJc8rs3Rz4JP3YU=
  dependencies:
    string-width "^1.0.1"
    strip-ansi "^3.0.1"

xml2js@^0.4.10:
  version "0.4.23"
  resolved "https://registry.yarnpkg.com/xml2js/-/xml2js-0.4.23.tgz#a0c69516752421eb2ac758ee4d4ccf58843eac66"
  integrity sha512-ySPiMjM0+pLDftHgXY4By0uswI3SPKLDw/i3UXbnO8M/p28zqexCUoPmQFrYD+/1BzhGJSs2i1ERWKJAtiLrug==
  dependencies:
    sax ">=0.6.0"
    xmlbuilder "~11.0.0"

xmlbuilder@^13.0.2:
  version "13.0.2"
  resolved "https://registry.yarnpkg.com/xmlbuilder/-/xmlbuilder-13.0.2.tgz#02ae33614b6a047d1c32b5389c1fdacb2bce47a7"
  integrity sha512-Eux0i2QdDYKbdbA6AM6xE4m6ZTZr4G4xF9kahI2ukSEMCzwce2eX9WlTI5J3s+NU7hpasFsr8hWIONae7LluAQ==

xmlbuilder@~11.0.0:
  version "11.0.1"
  resolved "https://registry.yarnpkg.com/xmlbuilder/-/xmlbuilder-11.0.1.tgz#be9bae1c8a046e76b31127726347d0ad7002beb3"
  integrity sha512-fDlsI/kFEx7gLvbecc0/ohLG50fugQp8ryHzMTuW9vSa1GJ0XYWKnhsUx7oie3G98+r56aTQIUB4kht42R3JvA==

y18n@^3.2.0:
  version "3.2.2"
  resolved "https://registry.yarnpkg.com/y18n/-/y18n-3.2.2.tgz#85c901bd6470ce71fc4bb723ad209b70f7f28696"
  integrity sha512-uGZHXkHnhF0XeeAPgnKfPv1bgKAYyVvmNL1xlKsPYZPaIHxGti2hHqvOCQv71XMsLxu1QjergkqogUnms5D3YQ==

yargs@^3.21.0:
  version "3.32.0"
  resolved "https://registry.yarnpkg.com/yargs/-/yargs-3.32.0.tgz#03088e9ebf9e756b69751611d2a5ef591482c995"
  integrity sha1-AwiOnr+edWtpdRYR0qXvWRSCyZU=
  dependencies:
    camelcase "^2.0.1"
    cliui "^3.0.3"
    decamelize "^1.1.1"
    os-locale "^1.4.0"
    string-width "^1.0.1"
    window-size "^0.1.4"
    y18n "^3.2.0"
